// !$*UTF8*$!
{
	archiveVersion = 1;
	classes = {
	};
	objectVersion = 55;
	objects = {

/* Begin PBXBuildFile section */
		23E879F6441BFB302D2A3E26 /* Pods_VODI_VODIUITests.framework in Frameworks */ = {isa = PBXBuildFile; fileRef = 346B04A4A52B228855DD65D9 /* Pods_VODI_VODIUITests.framework */; };
		4C275654281954A4002E32B6 /* HomeView.swift in Sources */ = {isa = PBXBuildFile; fileRef = 4C275653281954A4002E32B6 /* HomeView.swift */; };
		4C27565628195501002E32B6 /* DraftItemListView.swift in Sources */ = {isa = PBXBuildFile; fileRef = 4C27565528195501002E32B6 /* DraftItemListView.swift */; };
		4C2756582819551E002E32B6 /* EditDraftItemView.swift in Sources */ = {isa = PBXBuildFile; fileRef = 4C2756572819551E002E32B6 /* EditDraftItemView.swift */; };
		4C27565C28195589002E32B6 /* ARSandboxView.swift in Sources */ = {isa = PBXBuildFile; fileRef = 4C27565B28195589002E32B6 /* ARSandboxView.swift */; };
		4C27565E281955EB002E32B6 /* RMDraftInventoryItem.swift in Sources */ = {isa = PBXBuildFile; fileRef = 4C27565D281955EB002E32B6 /* RMDraftInventoryItem.swift */; };
		4C27566128195877002E32B6 /* Image.swift in Sources */ = {isa = PBXBuildFile; fileRef = 4C27566028195877002E32B6 /* Image.swift */; };
		4C27566728195A0E002E32B6 /* View+Ext.swift in Sources */ = {isa = PBXBuildFile; fileRef = 4C27566628195A0E002E32B6 /* View+Ext.swift */; };
		4C27566A28195B05002E32B6 /* DraftInventoryItemRepository.swift in Sources */ = {isa = PBXBuildFile; fileRef = 4C27566928195B05002E32B6 /* DraftInventoryItemRepository.swift */; };
		4C27567228197271002E32B6 /* ARViewContainer.swift in Sources */ = {isa = PBXBuildFile; fileRef = 4C27567128197271002E32B6 /* ARViewContainer.swift */; };
		4C2756742819800D002E32B6 /* CameraManager.swift in Sources */ = {isa = PBXBuildFile; fileRef = 4C2756732819800D002E32B6 /* CameraManager.swift */; };
		4C27567628198150002E32B6 /* CGImage+Ext.swift in Sources */ = {isa = PBXBuildFile; fileRef = 4C27567528198150002E32B6 /* CGImage+Ext.swift */; };
		4C275678281981B2002E32B6 /* FrameView.swift in Sources */ = {isa = PBXBuildFile; fileRef = 4C275677281981B2002E32B6 /* FrameView.swift */; };
		4C27567A281981CF002E32B6 /* FrameErrorView.swift in Sources */ = {isa = PBXBuildFile; fileRef = 4C275679281981CF002E32B6 /* FrameErrorView.swift */; };
		4C27567C28198230002E32B6 /* ARSandboxViewModel.swift in Sources */ = {isa = PBXBuildFile; fileRef = 4C27567B28198230002E32B6 /* ARSandboxViewModel.swift */; };
		4C27567F2819826B002E32B6 /* FrameManager.swift in Sources */ = {isa = PBXBuildFile; fileRef = 4C27567E2819826B002E32B6 /* FrameManager.swift */; };
		4C27568128198279002E32B6 /* CameraError.swift in Sources */ = {isa = PBXBuildFile; fileRef = 4C27568028198279002E32B6 /* CameraError.swift */; };
		4C2756842819A2B8002E32B6 /* SandboxView.swift in Sources */ = {isa = PBXBuildFile; fileRef = 4C2756832819A2B8002E32B6 /* SandboxView.swift */; };
		4C2756862819A489002E32B6 /* UINavigationController+Ext.swift in Sources */ = {isa = PBXBuildFile; fileRef = 4C2756852819A489002E32B6 /* UINavigationController+Ext.swift */; };
		4C2756882819A4F9002E32B6 /* DisableSwipeBack.swift in Sources */ = {isa = PBXBuildFile; fileRef = 4C2756872819A4F9002E32B6 /* DisableSwipeBack.swift */; };
		4C27568A2819BA7C002E32B6 /* DraftItemListViewModel.swift in Sources */ = {isa = PBXBuildFile; fileRef = 4C2756892819BA7C002E32B6 /* DraftItemListViewModel.swift */; };
		4C27568C281A80DF002E32B6 /* DataExtension.swift in Sources */ = {isa = PBXBuildFile; fileRef = 4C27568B281A80DF002E32B6 /* DataExtension.swift */; };
		4C27568F281A8243002E32B6 /* RealmConvertion.swift in Sources */ = {isa = PBXBuildFile; fileRef = 4C27568E281A8243002E32B6 /* RealmConvertion.swift */; };
		4C275692281A833D002E32B6 /* DraftInventoryItem.swift in Sources */ = {isa = PBXBuildFile; fileRef = 4C275691281A833D002E32B6 /* DraftInventoryItem.swift */; };
		4C275694281A873D002E32B6 /* RealmRepository.swift in Sources */ = {isa = PBXBuildFile; fileRef = 4C275693281A873D002E32B6 /* RealmRepository.swift */; };
		4C275696281A9E8A002E32B6 /* RealmTest.swift in Sources */ = {isa = PBXBuildFile; fileRef = 4C275695281A9E8A002E32B6 /* RealmTest.swift */; };
		4C275698281AA3EB002E32B6 /* XCTestCase+Ext.swift in Sources */ = {isa = PBXBuildFile; fileRef = 4C275697281AA3EB002E32B6 /* XCTestCase+Ext.swift */; };
		4C89C73828186D69007F100D /* VODIApp.swift in Sources */ = {isa = PBXBuildFile; fileRef = 4C89C73728186D69007F100D /* VODIApp.swift */; };
		4C89C73A28186D69007F100D /* ContentView.swift in Sources */ = {isa = PBXBuildFile; fileRef = 4C89C73928186D69007F100D /* ContentView.swift */; };
		4C89C73C28186D6B007F100D /* Assets.xcassets in Resources */ = {isa = PBXBuildFile; fileRef = 4C89C73B28186D6B007F100D /* Assets.xcassets */; };
		4C89C73F28186D6B007F100D /* Preview Assets.xcassets in Resources */ = {isa = PBXBuildFile; fileRef = 4C89C73E28186D6B007F100D /* Preview Assets.xcassets */; };
		4C89C74928186D6B007F100D /* VODITests.swift in Sources */ = {isa = PBXBuildFile; fileRef = 4C89C74828186D6B007F100D /* VODITests.swift */; };
		4C89C75328186D6B007F100D /* VODIUITests.swift in Sources */ = {isa = PBXBuildFile; fileRef = 4C89C75228186D6B007F100D /* VODIUITests.swift */; };
		4C89C75528186D6B007F100D /* VODIUITestsLaunchTests.swift in Sources */ = {isa = PBXBuildFile; fileRef = 4C89C75428186D6B007F100D /* VODIUITestsLaunchTests.swift */; };
		6B1A5064CF659A120F7C3474 /* Pods_VODI.framework in Frameworks */ = {isa = PBXBuildFile; fileRef = 68588C0A11E9FA5447553EB6 /* Pods_VODI.framework */; };
		B30DC17ABF0BC907AE40D819 /* Pods_VODITests.framework in Frameworks */ = {isa = PBXBuildFile; fileRef = 039EC3B3A924B014B0B435BB /* Pods_VODITests.framework */; };
/* End PBXBuildFile section */

/* Begin PBXContainerItemProxy section */
		4C89C74528186D6B007F100D /* PBXContainerItemProxy */ = {
			isa = PBXContainerItemProxy;
			containerPortal = 4C89C72C28186D69007F100D /* Project object */;
			proxyType = 1;
			remoteGlobalIDString = 4C89C73328186D69007F100D;
			remoteInfo = VODI;
		};
		4C89C74F28186D6B007F100D /* PBXContainerItemProxy */ = {
			isa = PBXContainerItemProxy;
			containerPortal = 4C89C72C28186D69007F100D /* Project object */;
			proxyType = 1;
			remoteGlobalIDString = 4C89C73328186D69007F100D;
			remoteInfo = VODI;
		};
/* End PBXContainerItemProxy section */

/* Begin PBXFileReference section */
		039EC3B3A924B014B0B435BB /* Pods_VODITests.framework */ = {isa = PBXFileReference; explicitFileType = wrapper.framework; includeInIndex = 0; path = Pods_VODITests.framework; sourceTree = BUILT_PRODUCTS_DIR; };
		06DACFCB8E2D1ACD22859E22 /* Pods-VODITests.debug.xcconfig */ = {isa = PBXFileReference; includeInIndex = 1; lastKnownFileType = text.xcconfig; name = "Pods-VODITests.debug.xcconfig"; path = "Target Support Files/Pods-VODITests/Pods-VODITests.debug.xcconfig"; sourceTree = "<group>"; };
		1FCBA1304F236CBFDF9D8474 /* Pods-VODI-VODIUITests.release.xcconfig */ = {isa = PBXFileReference; includeInIndex = 1; lastKnownFileType = text.xcconfig; name = "Pods-VODI-VODIUITests.release.xcconfig"; path = "Target Support Files/Pods-VODI-VODIUITests/Pods-VODI-VODIUITests.release.xcconfig"; sourceTree = "<group>"; };
		346B04A4A52B228855DD65D9 /* Pods_VODI_VODIUITests.framework */ = {isa = PBXFileReference; explicitFileType = wrapper.framework; includeInIndex = 0; path = Pods_VODI_VODIUITests.framework; sourceTree = BUILT_PRODUCTS_DIR; };
		4C275653281954A4002E32B6 /* HomeView.swift */ = {isa = PBXFileReference; lastKnownFileType = sourcecode.swift; path = HomeView.swift; sourceTree = "<group>"; };
		4C27565528195501002E32B6 /* DraftItemListView.swift */ = {isa = PBXFileReference; lastKnownFileType = sourcecode.swift; path = DraftItemListView.swift; sourceTree = "<group>"; };
		4C2756572819551E002E32B6 /* EditDraftItemView.swift */ = {isa = PBXFileReference; lastKnownFileType = sourcecode.swift; path = EditDraftItemView.swift; sourceTree = "<group>"; };
		4C27565B28195589002E32B6 /* ARSandboxView.swift */ = {isa = PBXFileReference; lastKnownFileType = sourcecode.swift; path = ARSandboxView.swift; sourceTree = "<group>"; };
		4C27565D281955EB002E32B6 /* RMDraftInventoryItem.swift */ = {isa = PBXFileReference; lastKnownFileType = sourcecode.swift; path = RMDraftInventoryItem.swift; sourceTree = "<group>"; };
		4C27566028195877002E32B6 /* Image.swift */ = {isa = PBXFileReference; lastKnownFileType = sourcecode.swift; path = Image.swift; sourceTree = "<group>"; };
		4C27566628195A0E002E32B6 /* View+Ext.swift */ = {isa = PBXFileReference; lastKnownFileType = sourcecode.swift; path = "View+Ext.swift"; sourceTree = "<group>"; };
		4C27566928195B05002E32B6 /* DraftInventoryItemRepository.swift */ = {isa = PBXFileReference; lastKnownFileType = sourcecode.swift; path = DraftInventoryItemRepository.swift; sourceTree = "<group>"; };
		4C27567128197271002E32B6 /* ARViewContainer.swift */ = {isa = PBXFileReference; lastKnownFileType = sourcecode.swift; path = ARViewContainer.swift; sourceTree = "<group>"; };
		4C2756732819800D002E32B6 /* CameraManager.swift */ = {isa = PBXFileReference; lastKnownFileType = sourcecode.swift; path = CameraManager.swift; sourceTree = "<group>"; };
		4C27567528198150002E32B6 /* CGImage+Ext.swift */ = {isa = PBXFileReference; lastKnownFileType = sourcecode.swift; path = "CGImage+Ext.swift"; sourceTree = "<group>"; };
		4C275677281981B2002E32B6 /* FrameView.swift */ = {isa = PBXFileReference; lastKnownFileType = sourcecode.swift; path = FrameView.swift; sourceTree = "<group>"; };
		4C275679281981CF002E32B6 /* FrameErrorView.swift */ = {isa = PBXFileReference; lastKnownFileType = sourcecode.swift; path = FrameErrorView.swift; sourceTree = "<group>"; };
		4C27567B28198230002E32B6 /* ARSandboxViewModel.swift */ = {isa = PBXFileReference; lastKnownFileType = sourcecode.swift; path = ARSandboxViewModel.swift; sourceTree = "<group>"; };
		4C27567E2819826B002E32B6 /* FrameManager.swift */ = {isa = PBXFileReference; lastKnownFileType = sourcecode.swift; path = FrameManager.swift; sourceTree = "<group>"; };
		4C27568028198279002E32B6 /* CameraError.swift */ = {isa = PBXFileReference; lastKnownFileType = sourcecode.swift; path = CameraError.swift; sourceTree = "<group>"; };
		4C2756832819A2B8002E32B6 /* SandboxView.swift */ = {isa = PBXFileReference; lastKnownFileType = sourcecode.swift; path = SandboxView.swift; sourceTree = "<group>"; };
		4C2756852819A489002E32B6 /* UINavigationController+Ext.swift */ = {isa = PBXFileReference; lastKnownFileType = sourcecode.swift; path = "UINavigationController+Ext.swift"; sourceTree = "<group>"; };
		4C2756872819A4F9002E32B6 /* DisableSwipeBack.swift */ = {isa = PBXFileReference; lastKnownFileType = sourcecode.swift; path = DisableSwipeBack.swift; sourceTree = "<group>"; };
		4C2756892819BA7C002E32B6 /* DraftItemListViewModel.swift */ = {isa = PBXFileReference; lastKnownFileType = sourcecode.swift; path = DraftItemListViewModel.swift; sourceTree = "<group>"; };
		4C27568B281A80DF002E32B6 /* DataExtension.swift */ = {isa = PBXFileReference; lastKnownFileType = sourcecode.swift; path = DataExtension.swift; sourceTree = "<group>"; };
		4C27568E281A8243002E32B6 /* RealmConvertion.swift */ = {isa = PBXFileReference; lastKnownFileType = sourcecode.swift; path = RealmConvertion.swift; sourceTree = "<group>"; };
		4C275691281A833D002E32B6 /* DraftInventoryItem.swift */ = {isa = PBXFileReference; lastKnownFileType = sourcecode.swift; path = DraftInventoryItem.swift; sourceTree = "<group>"; };
		4C275693281A873D002E32B6 /* RealmRepository.swift */ = {isa = PBXFileReference; lastKnownFileType = sourcecode.swift; path = RealmRepository.swift; sourceTree = "<group>"; };
		4C275695281A9E8A002E32B6 /* RealmTest.swift */ = {isa = PBXFileReference; lastKnownFileType = sourcecode.swift; path = RealmTest.swift; sourceTree = "<group>"; };
		4C275697281AA3EB002E32B6 /* XCTestCase+Ext.swift */ = {isa = PBXFileReference; lastKnownFileType = sourcecode.swift; path = "XCTestCase+Ext.swift"; sourceTree = "<group>"; };
		4C89C73428186D69007F100D /* VODI.app */ = {isa = PBXFileReference; explicitFileType = wrapper.application; includeInIndex = 0; path = VODI.app; sourceTree = BUILT_PRODUCTS_DIR; };
		4C89C73728186D69007F100D /* VODIApp.swift */ = {isa = PBXFileReference; lastKnownFileType = sourcecode.swift; path = VODIApp.swift; sourceTree = "<group>"; };
		4C89C73928186D69007F100D /* ContentView.swift */ = {isa = PBXFileReference; lastKnownFileType = sourcecode.swift; path = ContentView.swift; sourceTree = "<group>"; };
		4C89C73B28186D6B007F100D /* Assets.xcassets */ = {isa = PBXFileReference; lastKnownFileType = folder.assetcatalog; path = Assets.xcassets; sourceTree = "<group>"; };
		4C89C73E28186D6B007F100D /* Preview Assets.xcassets */ = {isa = PBXFileReference; lastKnownFileType = folder.assetcatalog; path = "Preview Assets.xcassets"; sourceTree = "<group>"; };
		4C89C74428186D6B007F100D /* VODITests.xctest */ = {isa = PBXFileReference; explicitFileType = wrapper.cfbundle; includeInIndex = 0; path = VODITests.xctest; sourceTree = BUILT_PRODUCTS_DIR; };
		4C89C74828186D6B007F100D /* VODITests.swift */ = {isa = PBXFileReference; lastKnownFileType = sourcecode.swift; path = VODITests.swift; sourceTree = "<group>"; };
		4C89C74E28186D6B007F100D /* VODIUITests.xctest */ = {isa = PBXFileReference; explicitFileType = wrapper.cfbundle; includeInIndex = 0; path = VODIUITests.xctest; sourceTree = BUILT_PRODUCTS_DIR; };
		4C89C75228186D6B007F100D /* VODIUITests.swift */ = {isa = PBXFileReference; lastKnownFileType = sourcecode.swift; path = VODIUITests.swift; sourceTree = "<group>"; };
		4C89C75428186D6B007F100D /* VODIUITestsLaunchTests.swift */ = {isa = PBXFileReference; lastKnownFileType = sourcecode.swift; path = VODIUITestsLaunchTests.swift; sourceTree = "<group>"; };
		4C89C7A028186E0D007F100D /* Info.plist */ = {isa = PBXFileReference; lastKnownFileType = text.plist; path = Info.plist; sourceTree = "<group>"; };
		4C89C7A32818D5FC007F100D /* README.md */ = {isa = PBXFileReference; lastKnownFileType = net.daringfireball.markdown; path = README.md; sourceTree = "<group>"; };
		62FEBFAA9CB3EF419D419156 /* Pods-VODI.release.xcconfig */ = {isa = PBXFileReference; includeInIndex = 1; lastKnownFileType = text.xcconfig; name = "Pods-VODI.release.xcconfig"; path = "Target Support Files/Pods-VODI/Pods-VODI.release.xcconfig"; sourceTree = "<group>"; };
		68588C0A11E9FA5447553EB6 /* Pods_VODI.framework */ = {isa = PBXFileReference; explicitFileType = wrapper.framework; includeInIndex = 0; path = Pods_VODI.framework; sourceTree = BUILT_PRODUCTS_DIR; };
		83B5B2416698F82AC221F37A /* Pods-VODITests.release.xcconfig */ = {isa = PBXFileReference; includeInIndex = 1; lastKnownFileType = text.xcconfig; name = "Pods-VODITests.release.xcconfig"; path = "Target Support Files/Pods-VODITests/Pods-VODITests.release.xcconfig"; sourceTree = "<group>"; };
		AFFDA86837647314CD585062 /* Pods-VODI-VODIUITests.debug.xcconfig */ = {isa = PBXFileReference; includeInIndex = 1; lastKnownFileType = text.xcconfig; name = "Pods-VODI-VODIUITests.debug.xcconfig"; path = "Target Support Files/Pods-VODI-VODIUITests/Pods-VODI-VODIUITests.debug.xcconfig"; sourceTree = "<group>"; };
		ECBD5BA609532FE5E40EC09A /* Pods-VODI.debug.xcconfig */ = {isa = PBXFileReference; includeInIndex = 1; lastKnownFileType = text.xcconfig; name = "Pods-VODI.debug.xcconfig"; path = "Target Support Files/Pods-VODI/Pods-VODI.debug.xcconfig"; sourceTree = "<group>"; };
/* End PBXFileReference section */

/* Begin PBXFrameworksBuildPhase section */
		4C89C73128186D69007F100D /* Frameworks */ = {
			isa = PBXFrameworksBuildPhase;
			buildActionMask = 2147483647;
			files = (
				6B1A5064CF659A120F7C3474 /* Pods_VODI.framework in Frameworks */,
			);
			runOnlyForDeploymentPostprocessing = 0;
		};
		4C89C74128186D6B007F100D /* Frameworks */ = {
			isa = PBXFrameworksBuildPhase;
			buildActionMask = 2147483647;
			files = (
				B30DC17ABF0BC907AE40D819 /* Pods_VODITests.framework in Frameworks */,
			);
			runOnlyForDeploymentPostprocessing = 0;
		};
		4C89C74B28186D6B007F100D /* Frameworks */ = {
			isa = PBXFrameworksBuildPhase;
			buildActionMask = 2147483647;
			files = (
				23E879F6441BFB302D2A3E26 /* Pods_VODI_VODIUITests.framework in Frameworks */,
			);
			runOnlyForDeploymentPostprocessing = 0;
		};
/* End PBXFrameworksBuildPhase section */

/* Begin PBXGroup section */
		4C27565128194F8B002E32B6 /* Models */ = {
			isa = PBXGroup;
			children = (
				4C27565D281955EB002E32B6 /* RMDraftInventoryItem.swift */,
			);
			path = Models;
			sourceTree = "<group>";
		};
		4C27565228194F93002E32B6 /* Scenes */ = {
			isa = PBXGroup;
			children = (
				4C27567028197258002E32B6 /* Sandbox */,
				4C27565928195523002E32B6 /* ItemList */,
				4C275653281954A4002E32B6 /* HomeView.swift */,
			);
			path = Scenes;
			sourceTree = "<group>";
		};
		4C27565928195523002E32B6 /* ItemList */ = {
			isa = PBXGroup;
			children = (
				4C27565528195501002E32B6 /* DraftItemListView.swift */,
				4C2756572819551E002E32B6 /* EditDraftItemView.swift */,
				4C2756892819BA7C002E32B6 /* DraftItemListViewModel.swift */,
			);
			path = ItemList;
			sourceTree = "<group>";
		};
		4C27565F2819586A002E32B6 /* Utils */ = {
			isa = PBXGroup;
			children = (
				4C27567D2819824A002E32B6 /* Camera */,
				4C27566028195877002E32B6 /* Image.swift */,
			);
			path = Utils;
			sourceTree = "<group>";
		};
		4C27566528195A03002E32B6 /* Extensions */ = {
			isa = PBXGroup;
			children = (
				4C27566628195A0E002E32B6 /* View+Ext.swift */,
				4C27567528198150002E32B6 /* CGImage+Ext.swift */,
				4C2756852819A489002E32B6 /* UINavigationController+Ext.swift */,
				4C2756872819A4F9002E32B6 /* DisableSwipeBack.swift */,
			);
			path = Extensions;
			sourceTree = "<group>";
		};
		4C27566828195AEF002E32B6 /* Repositories */ = {
			isa = PBXGroup;
			children = (
				4C27566928195B05002E32B6 /* DraftInventoryItemRepository.swift */,
				4C275693281A873D002E32B6 /* RealmRepository.swift */,
			);
			path = Repositories;
			sourceTree = "<group>";
		};
		4C27566B28195E7A002E32B6 /* UI */ = {
			isa = PBXGroup;
			children = (
				4C27565228194F93002E32B6 /* Scenes */,
				4C89C73928186D69007F100D /* ContentView.swift */,
				4C89C73728186D69007F100D /* VODIApp.swift */,
			);
			path = UI;
			sourceTree = "<group>";
		};
		4C27566D2819613E002E32B6 /* Data */ = {
			isa = PBXGroup;
			children = (
				4C275690281A832F002E32B6 /* Entities */,
				4C27566828195AEF002E32B6 /* Repositories */,
				4C27565128194F8B002E32B6 /* Models */,
				4C27568B281A80DF002E32B6 /* DataExtension.swift */,
				4C27568E281A8243002E32B6 /* RealmConvertion.swift */,
			);
			path = Data;
			sourceTree = "<group>";
		};
		4C27567028197258002E32B6 /* Sandbox */ = {
			isa = PBXGroup;
			children = (
				4C2756822819A29D002E32B6 /* MainSandbox */,
				4C2756832819A2B8002E32B6 /* SandboxView.swift */,
			);
			path = Sandbox;
			sourceTree = "<group>";
		};
		4C27567D2819824A002E32B6 /* Camera */ = {
			isa = PBXGroup;
			children = (
				4C2756732819800D002E32B6 /* CameraManager.swift */,
				4C27567E2819826B002E32B6 /* FrameManager.swift */,
				4C27568028198279002E32B6 /* CameraError.swift */,
			);
			path = Camera;
			sourceTree = "<group>";
		};
		4C2756822819A29D002E32B6 /* MainSandbox */ = {
			isa = PBXGroup;
			children = (
				4C27565B28195589002E32B6 /* ARSandboxView.swift */,
				4C27567128197271002E32B6 /* ARViewContainer.swift */,
				4C275677281981B2002E32B6 /* FrameView.swift */,
				4C275679281981CF002E32B6 /* FrameErrorView.swift */,
				4C27567B28198230002E32B6 /* ARSandboxViewModel.swift */,
			);
			path = MainSandbox;
			sourceTree = "<group>";
		};
		4C275690281A832F002E32B6 /* Entities */ = {
			isa = PBXGroup;
			children = (
				4C275691281A833D002E32B6 /* DraftInventoryItem.swift */,
			);
			path = Entities;
			sourceTree = "<group>";
		};
		4C89C72B28186D69007F100D = {
			isa = PBXGroup;
			children = (
				4C89C7A32818D5FC007F100D /* README.md */,
				4C89C73628186D69007F100D /* VODI */,
				4C89C74728186D6B007F100D /* VODITests */,
				4C89C75128186D6B007F100D /* VODIUITests */,
				4C89C73528186D69007F100D /* Products */,
				6F22502B304570C157EBDFD8 /* Pods */,
				D87C86DF628D5716AEE1C684 /* Frameworks */,
			);
			sourceTree = "<group>";
		};
		4C89C73528186D69007F100D /* Products */ = {
			isa = PBXGroup;
			children = (
				4C89C73428186D69007F100D /* VODI.app */,
				4C89C74428186D6B007F100D /* VODITests.xctest */,
				4C89C74E28186D6B007F100D /* VODIUITests.xctest */,
			);
			name = Products;
			sourceTree = "<group>";
		};
		4C89C73628186D69007F100D /* VODI */ = {
			isa = PBXGroup;
			children = (
				4C27566D2819613E002E32B6 /* Data */,
				4C27566B28195E7A002E32B6 /* UI */,
				4C27566528195A03002E32B6 /* Extensions */,
				4C27565F2819586A002E32B6 /* Utils */,
				4C89C7A028186E0D007F100D /* Info.plist */,
				4C89C73B28186D6B007F100D /* Assets.xcassets */,
				4C89C73D28186D6B007F100D /* Preview Content */,
			);
			path = VODI;
			sourceTree = "<group>";
		};
		4C89C73D28186D6B007F100D /* Preview Content */ = {
			isa = PBXGroup;
			children = (
				4C89C73E28186D6B007F100D /* Preview Assets.xcassets */,
			);
			path = "Preview Content";
			sourceTree = "<group>";
		};
		4C89C74728186D6B007F100D /* VODITests */ = {
			isa = PBXGroup;
			children = (
				4C89C74828186D6B007F100D /* VODITests.swift */,
				4C275695281A9E8A002E32B6 /* RealmTest.swift */,
				4C275697281AA3EB002E32B6 /* XCTestCase+Ext.swift */,
			);
			path = VODITests;
			sourceTree = "<group>";
		};
		4C89C75128186D6B007F100D /* VODIUITests */ = {
			isa = PBXGroup;
			children = (
				4C89C75228186D6B007F100D /* VODIUITests.swift */,
				4C89C75428186D6B007F100D /* VODIUITestsLaunchTests.swift */,
			);
			path = VODIUITests;
			sourceTree = "<group>";
		};
		6F22502B304570C157EBDFD8 /* Pods */ = {
			isa = PBXGroup;
			children = (
				ECBD5BA609532FE5E40EC09A /* Pods-VODI.debug.xcconfig */,
				62FEBFAA9CB3EF419D419156 /* Pods-VODI.release.xcconfig */,
				AFFDA86837647314CD585062 /* Pods-VODI-VODIUITests.debug.xcconfig */,
				1FCBA1304F236CBFDF9D8474 /* Pods-VODI-VODIUITests.release.xcconfig */,
				06DACFCB8E2D1ACD22859E22 /* Pods-VODITests.debug.xcconfig */,
				83B5B2416698F82AC221F37A /* Pods-VODITests.release.xcconfig */,
			);
			path = Pods;
			sourceTree = "<group>";
		};
		D87C86DF628D5716AEE1C684 /* Frameworks */ = {
			isa = PBXGroup;
			children = (
				68588C0A11E9FA5447553EB6 /* Pods_VODI.framework */,
				346B04A4A52B228855DD65D9 /* Pods_VODI_VODIUITests.framework */,
				039EC3B3A924B014B0B435BB /* Pods_VODITests.framework */,
			);
			name = Frameworks;
			sourceTree = "<group>";
		};
/* End PBXGroup section */

/* Begin PBXNativeTarget section */
		4C89C73328186D69007F100D /* VODI */ = {
			isa = PBXNativeTarget;
			buildConfigurationList = 4C89C75828186D6B007F100D /* Build configuration list for PBXNativeTarget "VODI" */;
			buildPhases = (
				04EA13120163B03A622424B0 /* [CP] Check Pods Manifest.lock */,
				4C89C73028186D69007F100D /* Sources */,
				4C89C73128186D69007F100D /* Frameworks */,
				4C89C73228186D69007F100D /* Resources */,
				C54A395084CA4F2FED788631 /* [CP] Embed Pods Frameworks */,
			);
			buildRules = (
			);
			dependencies = (
			);
			name = VODI;
			productName = VODI;
			productReference = 4C89C73428186D69007F100D /* VODI.app */;
			productType = "com.apple.product-type.application";
		};
		4C89C74328186D6B007F100D /* VODITests */ = {
			isa = PBXNativeTarget;
			buildConfigurationList = 4C89C75B28186D6B007F100D /* Build configuration list for PBXNativeTarget "VODITests" */;
			buildPhases = (
				6805DA9077529E3467781276 /* [CP] Check Pods Manifest.lock */,
				4C89C74028186D6B007F100D /* Sources */,
				4C89C74128186D6B007F100D /* Frameworks */,
				4C89C74228186D6B007F100D /* Resources */,
			);
			buildRules = (
			);
			dependencies = (
				4C89C74628186D6B007F100D /* PBXTargetDependency */,
			);
			name = VODITests;
			productName = VODITests;
			productReference = 4C89C74428186D6B007F100D /* VODITests.xctest */;
			productType = "com.apple.product-type.bundle.unit-test";
		};
		4C89C74D28186D6B007F100D /* VODIUITests */ = {
			isa = PBXNativeTarget;
			buildConfigurationList = 4C89C75E28186D6B007F100D /* Build configuration list for PBXNativeTarget "VODIUITests" */;
			buildPhases = (
				36ABBD7A83A92F40092196C0 /* [CP] Check Pods Manifest.lock */,
				4C89C74A28186D6B007F100D /* Sources */,
				4C89C74B28186D6B007F100D /* Frameworks */,
				4C89C74C28186D6B007F100D /* Resources */,
				C7BEADD1DA1CDF00F7D31D98 /* [CP] Embed Pods Frameworks */,
			);
			buildRules = (
			);
			dependencies = (
				4C89C75028186D6B007F100D /* PBXTargetDependency */,
			);
			name = VODIUITests;
			productName = VODIUITests;
			productReference = 4C89C74E28186D6B007F100D /* VODIUITests.xctest */;
			productType = "com.apple.product-type.bundle.ui-testing";
		};
/* End PBXNativeTarget section */

/* Begin PBXProject section */
		4C89C72C28186D69007F100D /* Project object */ = {
			isa = PBXProject;
			attributes = {
				BuildIndependentTargetsInParallel = 1;
				LastSwiftUpdateCheck = 1330;
				LastUpgradeCheck = 1330;
				TargetAttributes = {
					4C89C73328186D69007F100D = {
						CreatedOnToolsVersion = 13.3;
					};
					4C89C74328186D6B007F100D = {
						CreatedOnToolsVersion = 13.3;
						TestTargetID = 4C89C73328186D69007F100D;
					};
					4C89C74D28186D6B007F100D = {
						CreatedOnToolsVersion = 13.3;
						TestTargetID = 4C89C73328186D69007F100D;
					};
				};
			};
			buildConfigurationList = 4C89C72F28186D69007F100D /* Build configuration list for PBXProject "VODI" */;
			compatibilityVersion = "Xcode 13.0";
			developmentRegion = en;
			hasScannedForEncodings = 0;
			knownRegions = (
				en,
				Base,
			);
			mainGroup = 4C89C72B28186D69007F100D;
			productRefGroup = 4C89C73528186D69007F100D /* Products */;
			projectDirPath = "";
			projectRoot = "";
			targets = (
				4C89C73328186D69007F100D /* VODI */,
				4C89C74328186D6B007F100D /* VODITests */,
				4C89C74D28186D6B007F100D /* VODIUITests */,
			);
		};
/* End PBXProject section */

/* Begin PBXResourcesBuildPhase section */
		4C89C73228186D69007F100D /* Resources */ = {
			isa = PBXResourcesBuildPhase;
			buildActionMask = 2147483647;
			files = (
				4C89C73F28186D6B007F100D /* Preview Assets.xcassets in Resources */,
				4C89C73C28186D6B007F100D /* Assets.xcassets in Resources */,
			);
			runOnlyForDeploymentPostprocessing = 0;
		};
		4C89C74228186D6B007F100D /* Resources */ = {
			isa = PBXResourcesBuildPhase;
			buildActionMask = 2147483647;
			files = (
			);
			runOnlyForDeploymentPostprocessing = 0;
		};
		4C89C74C28186D6B007F100D /* Resources */ = {
			isa = PBXResourcesBuildPhase;
			buildActionMask = 2147483647;
			files = (
			);
			runOnlyForDeploymentPostprocessing = 0;
		};
/* End PBXResourcesBuildPhase section */

/* Begin PBXShellScriptBuildPhase section */
		04EA13120163B03A622424B0 /* [CP] Check Pods Manifest.lock */ = {
			isa = PBXShellScriptBuildPhase;
			buildActionMask = 2147483647;
			files = (
			);
			inputFileListPaths = (
			);
			inputPaths = (
				"${PODS_PODFILE_DIR_PATH}/Podfile.lock",
				"${PODS_ROOT}/Manifest.lock",
			);
			name = "[CP] Check Pods Manifest.lock";
			outputFileListPaths = (
			);
			outputPaths = (
				"$(DERIVED_FILE_DIR)/Pods-VODI-checkManifestLockResult.txt",
			);
			runOnlyForDeploymentPostprocessing = 0;
			shellPath = /bin/sh;
			shellScript = "diff \"${PODS_PODFILE_DIR_PATH}/Podfile.lock\" \"${PODS_ROOT}/Manifest.lock\" > /dev/null\nif [ $? != 0 ] ; then\n    # print error to STDERR\n    echo \"error: The sandbox is not in sync with the Podfile.lock. Run 'pod install' or update your CocoaPods installation.\" >&2\n    exit 1\nfi\n# This output is used by Xcode 'outputs' to avoid re-running this script phase.\necho \"SUCCESS\" > \"${SCRIPT_OUTPUT_FILE_0}\"\n";
			showEnvVarsInLog = 0;
		};
		36ABBD7A83A92F40092196C0 /* [CP] Check Pods Manifest.lock */ = {
			isa = PBXShellScriptBuildPhase;
			buildActionMask = 2147483647;
			files = (
			);
			inputFileListPaths = (
			);
			inputPaths = (
				"${PODS_PODFILE_DIR_PATH}/Podfile.lock",
				"${PODS_ROOT}/Manifest.lock",
			);
			name = "[CP] Check Pods Manifest.lock";
			outputFileListPaths = (
			);
			outputPaths = (
				"$(DERIVED_FILE_DIR)/Pods-VODI-VODIUITests-checkManifestLockResult.txt",
			);
			runOnlyForDeploymentPostprocessing = 0;
			shellPath = /bin/sh;
			shellScript = "diff \"${PODS_PODFILE_DIR_PATH}/Podfile.lock\" \"${PODS_ROOT}/Manifest.lock\" > /dev/null\nif [ $? != 0 ] ; then\n    # print error to STDERR\n    echo \"error: The sandbox is not in sync with the Podfile.lock. Run 'pod install' or update your CocoaPods installation.\" >&2\n    exit 1\nfi\n# This output is used by Xcode 'outputs' to avoid re-running this script phase.\necho \"SUCCESS\" > \"${SCRIPT_OUTPUT_FILE_0}\"\n";
			showEnvVarsInLog = 0;
		};
		6805DA9077529E3467781276 /* [CP] Check Pods Manifest.lock */ = {
			isa = PBXShellScriptBuildPhase;
			buildActionMask = 2147483647;
			files = (
			);
			inputFileListPaths = (
			);
			inputPaths = (
				"${PODS_PODFILE_DIR_PATH}/Podfile.lock",
				"${PODS_ROOT}/Manifest.lock",
			);
			name = "[CP] Check Pods Manifest.lock";
			outputFileListPaths = (
			);
			outputPaths = (
				"$(DERIVED_FILE_DIR)/Pods-VODITests-checkManifestLockResult.txt",
			);
			runOnlyForDeploymentPostprocessing = 0;
			shellPath = /bin/sh;
			shellScript = "diff \"${PODS_PODFILE_DIR_PATH}/Podfile.lock\" \"${PODS_ROOT}/Manifest.lock\" > /dev/null\nif [ $? != 0 ] ; then\n    # print error to STDERR\n    echo \"error: The sandbox is not in sync with the Podfile.lock. Run 'pod install' or update your CocoaPods installation.\" >&2\n    exit 1\nfi\n# This output is used by Xcode 'outputs' to avoid re-running this script phase.\necho \"SUCCESS\" > \"${SCRIPT_OUTPUT_FILE_0}\"\n";
			showEnvVarsInLog = 0;
		};
		C54A395084CA4F2FED788631 /* [CP] Embed Pods Frameworks */ = {
			isa = PBXShellScriptBuildPhase;
			buildActionMask = 2147483647;
			files = (
			);
			inputFileListPaths = (
				"${PODS_ROOT}/Target Support Files/Pods-VODI/Pods-VODI-frameworks-${CONFIGURATION}-input-files.xcfilelist",
			);
			name = "[CP] Embed Pods Frameworks";
			outputFileListPaths = (
				"${PODS_ROOT}/Target Support Files/Pods-VODI/Pods-VODI-frameworks-${CONFIGURATION}-output-files.xcfilelist",
			);
			runOnlyForDeploymentPostprocessing = 0;
			shellPath = /bin/sh;
			shellScript = "\"${PODS_ROOT}/Target Support Files/Pods-VODI/Pods-VODI-frameworks.sh\"\n";
			showEnvVarsInLog = 0;
		};
		C7BEADD1DA1CDF00F7D31D98 /* [CP] Embed Pods Frameworks */ = {
			isa = PBXShellScriptBuildPhase;
			buildActionMask = 2147483647;
			files = (
			);
			inputFileListPaths = (
				"${PODS_ROOT}/Target Support Files/Pods-VODI-VODIUITests/Pods-VODI-VODIUITests-frameworks-${CONFIGURATION}-input-files.xcfilelist",
			);
			name = "[CP] Embed Pods Frameworks";
			outputFileListPaths = (
				"${PODS_ROOT}/Target Support Files/Pods-VODI-VODIUITests/Pods-VODI-VODIUITests-frameworks-${CONFIGURATION}-output-files.xcfilelist",
			);
			runOnlyForDeploymentPostprocessing = 0;
			shellPath = /bin/sh;
			shellScript = "\"${PODS_ROOT}/Target Support Files/Pods-VODI-VODIUITests/Pods-VODI-VODIUITests-frameworks.sh\"\n";
			showEnvVarsInLog = 0;
		};
/* End PBXShellScriptBuildPhase section */

/* Begin PBXSourcesBuildPhase section */
		4C89C73028186D69007F100D /* Sources */ = {
			isa = PBXSourcesBuildPhase;
			buildActionMask = 2147483647;
			files = (
				4C27565E281955EB002E32B6 /* RMDraftInventoryItem.swift in Sources */,
				4C2756742819800D002E32B6 /* CameraManager.swift in Sources */,
				4C2756842819A2B8002E32B6 /* SandboxView.swift in Sources */,
				4C275692281A833D002E32B6 /* DraftInventoryItem.swift in Sources */,
				4C27566128195877002E32B6 /* Image.swift in Sources */,
				4C275678281981B2002E32B6 /* FrameView.swift in Sources */,
				4C27566728195A0E002E32B6 /* View+Ext.swift in Sources */,
				4C275654281954A4002E32B6 /* HomeView.swift in Sources */,
				4C275694281A873D002E32B6 /* RealmRepository.swift in Sources */,
				4C27566A28195B05002E32B6 /* DraftInventoryItemRepository.swift in Sources */,
				4C2756862819A489002E32B6 /* UINavigationController+Ext.swift in Sources */,
				4C27567F2819826B002E32B6 /* FrameManager.swift in Sources */,
				4C27567228197271002E32B6 /* ARViewContainer.swift in Sources */,
				4C27568F281A8243002E32B6 /* RealmConvertion.swift in Sources */,
				4C27568128198279002E32B6 /* CameraError.swift in Sources */,
				4C2756582819551E002E32B6 /* EditDraftItemView.swift in Sources */,
				4C27568C281A80DF002E32B6 /* DataExtension.swift in Sources */,
				4C27567628198150002E32B6 /* CGImage+Ext.swift in Sources */,
				4C27565628195501002E32B6 /* DraftItemListView.swift in Sources */,
				4C89C73A28186D69007F100D /* ContentView.swift in Sources */,
				4C89C73828186D69007F100D /* VODIApp.swift in Sources */,
				4C2756882819A4F9002E32B6 /* DisableSwipeBack.swift in Sources */,
				4C27568A2819BA7C002E32B6 /* DraftItemListViewModel.swift in Sources */,
				4C27567C28198230002E32B6 /* ARSandboxViewModel.swift in Sources */,
				4C27565C28195589002E32B6 /* ARSandboxView.swift in Sources */,
				4C27567A281981CF002E32B6 /* FrameErrorView.swift in Sources */,
			);
			runOnlyForDeploymentPostprocessing = 0;
		};
		4C89C74028186D6B007F100D /* Sources */ = {
			isa = PBXSourcesBuildPhase;
			buildActionMask = 2147483647;
			files = (
				4C89C74928186D6B007F100D /* VODITests.swift in Sources */,
				4C275698281AA3EB002E32B6 /* XCTestCase+Ext.swift in Sources */,
				4C275696281A9E8A002E32B6 /* RealmTest.swift in Sources */,
			);
			runOnlyForDeploymentPostprocessing = 0;
		};
		4C89C74A28186D6B007F100D /* Sources */ = {
			isa = PBXSourcesBuildPhase;
			buildActionMask = 2147483647;
			files = (
				4C89C75528186D6B007F100D /* VODIUITestsLaunchTests.swift in Sources */,
				4C89C75328186D6B007F100D /* VODIUITests.swift in Sources */,
			);
			runOnlyForDeploymentPostprocessing = 0;
		};
/* End PBXSourcesBuildPhase section */

/* Begin PBXTargetDependency section */
		4C89C74628186D6B007F100D /* PBXTargetDependency */ = {
			isa = PBXTargetDependency;
			target = 4C89C73328186D69007F100D /* VODI */;
			targetProxy = 4C89C74528186D6B007F100D /* PBXContainerItemProxy */;
		};
		4C89C75028186D6B007F100D /* PBXTargetDependency */ = {
			isa = PBXTargetDependency;
			target = 4C89C73328186D69007F100D /* VODI */;
			targetProxy = 4C89C74F28186D6B007F100D /* PBXContainerItemProxy */;
		};
/* End PBXTargetDependency section */

/* Begin XCBuildConfiguration section */
		4C89C75628186D6B007F100D /* Debug */ = {
			isa = XCBuildConfiguration;
			buildSettings = {
				ALWAYS_SEARCH_USER_PATHS = NO;
				CLANG_ANALYZER_NONNULL = YES;
				CLANG_ANALYZER_NUMBER_OBJECT_CONVERSION = YES_AGGRESSIVE;
				CLANG_CXX_LANGUAGE_STANDARD = "gnu++17";
				CLANG_ENABLE_MODULES = YES;
				CLANG_ENABLE_OBJC_ARC = YES;
				CLANG_ENABLE_OBJC_WEAK = YES;
				CLANG_WARN_BLOCK_CAPTURE_AUTORELEASING = YES;
				CLANG_WARN_BOOL_CONVERSION = YES;
				CLANG_WARN_COMMA = YES;
				CLANG_WARN_CONSTANT_CONVERSION = YES;
				CLANG_WARN_DEPRECATED_OBJC_IMPLEMENTATIONS = YES;
				CLANG_WARN_DIRECT_OBJC_ISA_USAGE = YES_ERROR;
				CLANG_WARN_DOCUMENTATION_COMMENTS = YES;
				CLANG_WARN_EMPTY_BODY = YES;
				CLANG_WARN_ENUM_CONVERSION = YES;
				CLANG_WARN_INFINITE_RECURSION = YES;
				CLANG_WARN_INT_CONVERSION = YES;
				CLANG_WARN_NON_LITERAL_NULL_CONVERSION = YES;
				CLANG_WARN_OBJC_IMPLICIT_RETAIN_SELF = YES;
				CLANG_WARN_OBJC_LITERAL_CONVERSION = YES;
				CLANG_WARN_OBJC_ROOT_CLASS = YES_ERROR;
				CLANG_WARN_QUOTED_INCLUDE_IN_FRAMEWORK_HEADER = YES;
				CLANG_WARN_RANGE_LOOP_ANALYSIS = YES;
				CLANG_WARN_STRICT_PROTOTYPES = YES;
				CLANG_WARN_SUSPICIOUS_MOVE = YES;
				CLANG_WARN_UNGUARDED_AVAILABILITY = YES_AGGRESSIVE;
				CLANG_WARN_UNREACHABLE_CODE = YES;
				CLANG_WARN__DUPLICATE_METHOD_MATCH = YES;
				COPY_PHASE_STRIP = NO;
				DEBUG_INFORMATION_FORMAT = dwarf;
				ENABLE_STRICT_OBJC_MSGSEND = YES;
				ENABLE_TESTABILITY = YES;
				GCC_C_LANGUAGE_STANDARD = gnu11;
				GCC_DYNAMIC_NO_PIC = NO;
				GCC_NO_COMMON_BLOCKS = YES;
				GCC_OPTIMIZATION_LEVEL = 0;
				GCC_PREPROCESSOR_DEFINITIONS = (
					"DEBUG=1",
					"$(inherited)",
				);
				GCC_WARN_64_TO_32_BIT_CONVERSION = YES;
				GCC_WARN_ABOUT_RETURN_TYPE = YES_ERROR;
				GCC_WARN_UNDECLARED_SELECTOR = YES;
				GCC_WARN_UNINITIALIZED_AUTOS = YES_AGGRESSIVE;
				GCC_WARN_UNUSED_FUNCTION = YES;
				GCC_WARN_UNUSED_VARIABLE = YES;
				IPHONEOS_DEPLOYMENT_TARGET = 15.4;
				MTL_ENABLE_DEBUG_INFO = INCLUDE_SOURCE;
				MTL_FAST_MATH = YES;
				ONLY_ACTIVE_ARCH = YES;
				SDKROOT = iphoneos;
				SWIFT_ACTIVE_COMPILATION_CONDITIONS = DEBUG;
				SWIFT_OPTIMIZATION_LEVEL = "-Onone";
			};
			name = Debug;
		};
		4C89C75728186D6B007F100D /* Release */ = {
			isa = XCBuildConfiguration;
			buildSettings = {
				ALWAYS_SEARCH_USER_PATHS = NO;
				CLANG_ANALYZER_NONNULL = YES;
				CLANG_ANALYZER_NUMBER_OBJECT_CONVERSION = YES_AGGRESSIVE;
				CLANG_CXX_LANGUAGE_STANDARD = "gnu++17";
				CLANG_ENABLE_MODULES = YES;
				CLANG_ENABLE_OBJC_ARC = YES;
				CLANG_ENABLE_OBJC_WEAK = YES;
				CLANG_WARN_BLOCK_CAPTURE_AUTORELEASING = YES;
				CLANG_WARN_BOOL_CONVERSION = YES;
				CLANG_WARN_COMMA = YES;
				CLANG_WARN_CONSTANT_CONVERSION = YES;
				CLANG_WARN_DEPRECATED_OBJC_IMPLEMENTATIONS = YES;
				CLANG_WARN_DIRECT_OBJC_ISA_USAGE = YES_ERROR;
				CLANG_WARN_DOCUMENTATION_COMMENTS = YES;
				CLANG_WARN_EMPTY_BODY = YES;
				CLANG_WARN_ENUM_CONVERSION = YES;
				CLANG_WARN_INFINITE_RECURSION = YES;
				CLANG_WARN_INT_CONVERSION = YES;
				CLANG_WARN_NON_LITERAL_NULL_CONVERSION = YES;
				CLANG_WARN_OBJC_IMPLICIT_RETAIN_SELF = YES;
				CLANG_WARN_OBJC_LITERAL_CONVERSION = YES;
				CLANG_WARN_OBJC_ROOT_CLASS = YES_ERROR;
				CLANG_WARN_QUOTED_INCLUDE_IN_FRAMEWORK_HEADER = YES;
				CLANG_WARN_RANGE_LOOP_ANALYSIS = YES;
				CLANG_WARN_STRICT_PROTOTYPES = YES;
				CLANG_WARN_SUSPICIOUS_MOVE = YES;
				CLANG_WARN_UNGUARDED_AVAILABILITY = YES_AGGRESSIVE;
				CLANG_WARN_UNREACHABLE_CODE = YES;
				CLANG_WARN__DUPLICATE_METHOD_MATCH = YES;
				COPY_PHASE_STRIP = NO;
				DEBUG_INFORMATION_FORMAT = "dwarf-with-dsym";
				ENABLE_NS_ASSERTIONS = NO;
				ENABLE_STRICT_OBJC_MSGSEND = YES;
				GCC_C_LANGUAGE_STANDARD = gnu11;
				GCC_NO_COMMON_BLOCKS = YES;
				GCC_WARN_64_TO_32_BIT_CONVERSION = YES;
				GCC_WARN_ABOUT_RETURN_TYPE = YES_ERROR;
				GCC_WARN_UNDECLARED_SELECTOR = YES;
				GCC_WARN_UNINITIALIZED_AUTOS = YES_AGGRESSIVE;
				GCC_WARN_UNUSED_FUNCTION = YES;
				GCC_WARN_UNUSED_VARIABLE = YES;
				IPHONEOS_DEPLOYMENT_TARGET = 15.4;
				MTL_ENABLE_DEBUG_INFO = NO;
				MTL_FAST_MATH = YES;
				SDKROOT = iphoneos;
				SWIFT_COMPILATION_MODE = wholemodule;
				SWIFT_OPTIMIZATION_LEVEL = "-O";
				VALIDATE_PRODUCT = YES;
			};
			name = Release;
		};
		4C89C75928186D6B007F100D /* Debug */ = {
			isa = XCBuildConfiguration;
			baseConfigurationReference = ECBD5BA609532FE5E40EC09A /* Pods-VODI.debug.xcconfig */;
			buildSettings = {
				ASSETCATALOG_COMPILER_APPICON_NAME = AppIcon;
				ASSETCATALOG_COMPILER_GLOBAL_ACCENT_COLOR_NAME = AccentColor;
				CODE_SIGN_STYLE = Automatic;
				CURRENT_PROJECT_VERSION = 1;
				DEVELOPMENT_ASSET_PATHS = "\"VODI/Preview Content\"";
				DEVELOPMENT_TEAM = GXV96JYG87;
				ENABLE_PREVIEWS = YES;
				GENERATE_INFOPLIST_FILE = YES;
				INFOPLIST_FILE = VODI/Info.plist;
				INFOPLIST_KEY_UIApplicationSceneManifest_Generation = YES;
				INFOPLIST_KEY_UIApplicationSupportsIndirectInputEvents = YES;
				INFOPLIST_KEY_UILaunchScreen_Generation = YES;
				INFOPLIST_KEY_UISupportedInterfaceOrientations_iPad = "UIInterfaceOrientationPortrait UIInterfaceOrientationPortraitUpsideDown UIInterfaceOrientationLandscapeLeft UIInterfaceOrientationLandscapeRight";
				INFOPLIST_KEY_UISupportedInterfaceOrientations_iPhone = "UIInterfaceOrientationPortrait UIInterfaceOrientationLandscapeLeft UIInterfaceOrientationLandscapeRight";
				IPHONEOS_DEPLOYMENT_TARGET = 15.0;
				LD_RUNPATH_SEARCH_PATHS = (
					"$(inherited)",
					"@executable_path/Frameworks",
				);
				MARKETING_VERSION = 1.0;
				PRODUCT_BUNDLE_IDENTIFIER = com.matthewcalbert.VODI;
				PRODUCT_NAME = "$(TARGET_NAME)";
				SWIFT_EMIT_LOC_STRINGS = YES;
				SWIFT_VERSION = 5.0;
				TARGETED_DEVICE_FAMILY = "1,2";
			};
			name = Debug;
		};
		4C89C75A28186D6B007F100D /* Release */ = {
			isa = XCBuildConfiguration;
			baseConfigurationReference = 62FEBFAA9CB3EF419D419156 /* Pods-VODI.release.xcconfig */;
			buildSettings = {
				ASSETCATALOG_COMPILER_APPICON_NAME = AppIcon;
				ASSETCATALOG_COMPILER_GLOBAL_ACCENT_COLOR_NAME = AccentColor;
				CODE_SIGN_STYLE = Automatic;
				CURRENT_PROJECT_VERSION = 1;
				DEVELOPMENT_ASSET_PATHS = "\"VODI/Preview Content\"";
				DEVELOPMENT_TEAM = GXV96JYG87;
				ENABLE_PREVIEWS = YES;
				GENERATE_INFOPLIST_FILE = YES;
				INFOPLIST_FILE = VODI/Info.plist;
				INFOPLIST_KEY_UIApplicationSceneManifest_Generation = YES;
				INFOPLIST_KEY_UIApplicationSupportsIndirectInputEvents = YES;
				INFOPLIST_KEY_UILaunchScreen_Generation = YES;
				INFOPLIST_KEY_UISupportedInterfaceOrientations_iPad = "UIInterfaceOrientationPortrait UIInterfaceOrientationPortraitUpsideDown UIInterfaceOrientationLandscapeLeft UIInterfaceOrientationLandscapeRight";
				INFOPLIST_KEY_UISupportedInterfaceOrientations_iPhone = "UIInterfaceOrientationPortrait UIInterfaceOrientationLandscapeLeft UIInterfaceOrientationLandscapeRight";
				IPHONEOS_DEPLOYMENT_TARGET = 15.0;
				LD_RUNPATH_SEARCH_PATHS = (
					"$(inherited)",
					"@executable_path/Frameworks",
				);
				MARKETING_VERSION = 1.0;
				PRODUCT_BUNDLE_IDENTIFIER = com.matthewcalbert.VODI;
				PRODUCT_NAME = "$(TARGET_NAME)";
				SWIFT_EMIT_LOC_STRINGS = YES;
				SWIFT_VERSION = 5.0;
				TARGETED_DEVICE_FAMILY = "1,2";
			};
			name = Release;
		};
		4C89C75C28186D6B007F100D /* Debug */ = {
			isa = XCBuildConfiguration;
			baseConfigurationReference = 06DACFCB8E2D1ACD22859E22 /* Pods-VODITests.debug.xcconfig */;
			buildSettings = {
				ALWAYS_EMBED_SWIFT_STANDARD_LIBRARIES = YES;
				BUNDLE_LOADER = "$(TEST_HOST)";
				CODE_SIGN_STYLE = Automatic;
				CURRENT_PROJECT_VERSION = 1;
				DEVELOPMENT_TEAM = GXV96JYG87;
				GENERATE_INFOPLIST_FILE = YES;
				IPHONEOS_DEPLOYMENT_TARGET = 15.4;
				MARKETING_VERSION = 1.0;
				PRODUCT_BUNDLE_IDENTIFIER = com.matthewcalbert.VODITests;
				PRODUCT_NAME = "$(TARGET_NAME)";
				SWIFT_EMIT_LOC_STRINGS = NO;
				SWIFT_VERSION = 5.0;
				TARGETED_DEVICE_FAMILY = "1,2";
				TEST_HOST = "$(BUILT_PRODUCTS_DIR)/VODI.app/VODI";
			};
			name = Debug;
		};
		4C89C75D28186D6B007F100D /* Release */ = {
			isa = XCBuildConfiguration;
			baseConfigurationReference = 83B5B2416698F82AC221F37A /* Pods-VODITests.release.xcconfig */;
			buildSettings = {
				ALWAYS_EMBED_SWIFT_STANDARD_LIBRARIES = YES;
				BUNDLE_LOADER = "$(TEST_HOST)";
				CODE_SIGN_STYLE = Automatic;
				CURRENT_PROJECT_VERSION = 1;
				DEVELOPMENT_TEAM = GXV96JYG87;
				GENERATE_INFOPLIST_FILE = YES;
				IPHONEOS_DEPLOYMENT_TARGET = 15.4;
				MARKETING_VERSION = 1.0;
				PRODUCT_BUNDLE_IDENTIFIER = com.matthewcalbert.VODITests;
				PRODUCT_NAME = "$(TARGET_NAME)";
				SWIFT_EMIT_LOC_STRINGS = NO;
				SWIFT_VERSION = 5.0;
				TARGETED_DEVICE_FAMILY = "1,2";
				TEST_HOST = "$(BUILT_PRODUCTS_DIR)/VODI.app/VODI";
			};
			name = Release;
		};
		4C89C75F28186D6B007F100D /* Debug */ = {
			isa = XCBuildConfiguration;
			baseConfigurationReference = AFFDA86837647314CD585062 /* Pods-VODI-VODIUITests.debug.xcconfig */;
			buildSettings = {
				ALWAYS_EMBED_SWIFT_STANDARD_LIBRARIES = YES;
				CODE_SIGN_STYLE = Automatic;
				CURRENT_PROJECT_VERSION = 1;
				DEVELOPMENT_TEAM = GXV96JYG87;
				GENERATE_INFOPLIST_FILE = YES;
				MARKETING_VERSION = 1.0;
				PRODUCT_BUNDLE_IDENTIFIER = com.matthewcalbert.VODIUITests;
				PRODUCT_NAME = "$(TARGET_NAME)";
				SWIFT_EMIT_LOC_STRINGS = NO;
				SWIFT_VERSION = 5.0;
				TARGETED_DEVICE_FAMILY = "1,2";
				TEST_TARGET_NAME = VODI;
			};
			name = Debug;
		};
		4C89C76028186D6B007F100D /* Release */ = {
			isa = XCBuildConfiguration;
			baseConfigurationReference = 1FCBA1304F236CBFDF9D8474 /* Pods-VODI-VODIUITests.release.xcconfig */;
			buildSettings = {
				ALWAYS_EMBED_SWIFT_STANDARD_LIBRARIES = YES;
				CODE_SIGN_STYLE = Automatic;
				CURRENT_PROJECT_VERSION = 1;
				DEVELOPMENT_TEAM = GXV96JYG87;
				GENERATE_INFOPLIST_FILE = YES;
				MARKETING_VERSION = 1.0;
				PRODUCT_BUNDLE_IDENTIFIER = com.matthewcalbert.VODIUITests;
				PRODUCT_NAME = "$(TARGET_NAME)";
				SWIFT_EMIT_LOC_STRINGS = NO;
				SWIFT_VERSION = 5.0;
				TARGETED_DEVICE_FAMILY = "1,2";
				TEST_TARGET_NAME = VODI;
			};
			name = Release;
		};
/* End XCBuildConfiguration section */

/* Begin XCConfigurationList section */
		4C89C72F28186D69007F100D /* Build configuration list for PBXProject "VODI" */ = {
			isa = XCConfigurationList;
			buildConfigurations = (
				4C89C75628186D6B007F100D /* Debug */,
				4C89C75728186D6B007F100D /* Release */,
			);
			defaultConfigurationIsVisible = 0;
			defaultConfigurationName = Release;
		};
		4C89C75828186D6B007F100D /* Build configuration list for PBXNativeTarget "VODI" */ = {
			isa = XCConfigurationList;
			buildConfigurations = (
				4C89C75928186D6B007F100D /* Debug */,
				4C89C75A28186D6B007F100D /* Release */,
			);
			defaultConfigurationIsVisible = 0;
			defaultConfigurationName = Release;
		};
		4C89C75B28186D6B007F100D /* Build configuration list for PBXNativeTarget "VODITests" */ = {
			isa = XCConfigurationList;
			buildConfigurations = (
				4C89C75C28186D6B007F100D /* Debug */,
				4C89C75D28186D6B007F100D /* Release */,
			);
			defaultConfigurationIsVisible = 0;
			defaultConfigurationName = Release;
		};
		4C89C75E28186D6B007F100D /* Build configuration list for PBXNativeTarget "VODIUITests" */ = {
			isa = XCConfigurationList;
			buildConfigurations = (
				4C89C75F28186D6B007F100D /* Debug */,
				4C89C76028186D6B007F100D /* Release */,
			);
			defaultConfigurationIsVisible = 0;
			defaultConfigurationName = Release;
		};
/* End XCConfigurationList section */
	};
	rootObject = 4C89C72C28186D69007F100D /* Project object */;
}
